
Microsoft Visual Studio Solution File, Format Version 12.00
# Visual Studio Version 16
VisualStudioVersion = 16.0.28803.352
MinimumVisualStudioVersion = 10.0.40219.1
Project("{FAE04EC0-301F-11D3-BF4B-00C04F79EFBC}") = "Demo_WebApplication", "Demo_WebApplication\Demo_WebApplication.csproj", "{9EC64D53-C650-4F17-8F8B-28D32914FCB4}"
EndProject
Global
	GlobalSection(SolutionConfigurationPlatforms) = preSolution
		Debug|Any CPU = Debug|Any CPU
		Release|Any CPU = Release|Any CPU
	EndGlobalSection
	GlobalSection(ProjectConfigurationPlatforms) = postSolution
		{9EC64D53-C650-4F17-8F8B-28D32914FCB4}.Debug|Any CPU.ActiveCfg = Debug|Any CPU
		{9EC64D53-C650-4F17-8F8B-28D32914FCB4}.Debug|Any CPU.Build.0 = Debug|Any CPU
		{9EC64D53-C650-4F17-8F8B-28D32914FCB4}.Release|Any CPU.ActiveCfg = Release|Any CPU
		{9EC64D53-C650-4F17-8F8B-28D32914FCB4}.Release|Any CPU.Build.0 = Release|Any CPU
	EndGlobalSection
	GlobalSection(SolutionProperties) = preSolution
		HideSolutionNode = FALSE
	EndGlobalSection
	GlobalSection(ExtensibilityGlobals) = postSolution
		SolutionGuid = {C3BFDA54-F5AD-434E-B466-66C21BEC42E6}
	EndGlobalSection
EndGlobal
